// !$*UTF8*$!
{
	archiveVersion = 1;
	classes = {
	};
	objectVersion = 46;
	objects = {

/* Begin PBXBuildFile section */
		6C5CE3761C722E6000BBB715 /* APIManager.swift in Sources */ = {isa = PBXBuildFile; fileRef = 6C5CE3751C722E6000BBB715 /* APIManager.swift */; };
		6C5CE3791C72888B00BBB715 /* Constants.swift in Sources */ = {isa = PBXBuildFile; fileRef = 6C5CE3781C72888B00BBB715 /* Constants.swift */; };
		6C643A9D1C71473C00710835 /* AppDelegate.swift in Sources */ = {isa = PBXBuildFile; fileRef = 6C643A9C1C71473C00710835 /* AppDelegate.swift */; };
		6C643A9F1C71473C00710835 /* ViewController.swift in Sources */ = {isa = PBXBuildFile; fileRef = 6C643A9E1C71473C00710835 /* ViewController.swift */; };
		6C643AA21C71473C00710835 /* Main.storyboard in Resources */ = {isa = PBXBuildFile; fileRef = 6C643AA01C71473C00710835 /* Main.storyboard */; };
		6C643AA41C71473C00710835 /* Assets.xcassets in Resources */ = {isa = PBXBuildFile; fileRef = 6C643AA31C71473C00710835 /* Assets.xcassets */; };
		6C643AA71C71473C00710835 /* LaunchScreen.storyboard in Resources */ = {isa = PBXBuildFile; fileRef = 6C643AA51C71473C00710835 /* LaunchScreen.storyboard */; };
		6C7FA09D1C7660A700EF39FB /* Reachability.m in Sources */ = {isa = PBXBuildFile; fileRef = 6C7FA09C1C7660A700EF39FB /* Reachability.m */; };
		6CD5EE971C73836800EFD738 /* MusicVideos.swift in Sources */ = {isa = PBXBuildFile; fileRef = 6CD5EE961C73836800EFD738 /* MusicVideos.swift */; };
/* End PBXBuildFile section */

/* Begin PBXFileReference section */
		6C5CE3751C722E6000BBB715 /* APIManager.swift */ = {isa = PBXFileReference; fileEncoding = 4; lastKnownFileType = sourcecode.swift; name = APIManager.swift; path = Model/APIManager.swift; sourceTree = "<group>"; };
		6C5CE3781C72888B00BBB715 /* Constants.swift */ = {isa = PBXFileReference; fileEncoding = 4; lastKnownFileType = sourcecode.swift; name = Constants.swift; path = Utilities/Constants.swift; sourceTree = "<group>"; };
		6C643A991C71473C00710835 /* Music Videos.app */ = {isa = PBXFileReference; explicitFileType = wrapper.application; includeInIndex = 0; path = "Music Videos.app"; sourceTree = BUILT_PRODUCTS_DIR; };
		6C643A9C1C71473C00710835 /* AppDelegate.swift */ = {isa = PBXFileReference; lastKnownFileType = sourcecode.swift; path = AppDelegate.swift; sourceTree = "<group>"; };
		6C643A9E1C71473C00710835 /* ViewController.swift */ = {isa = PBXFileReference; lastKnownFileType = sourcecode.swift; path = ViewController.swift; sourceTree = "<group>"; };
		6C643AA11C71473C00710835 /* Base */ = {isa = PBXFileReference; lastKnownFileType = file.storyboard; name = Base; path = Base.lproj/Main.storyboard; sourceTree = "<group>"; };
		6C643AA31C71473C00710835 /* Assets.xcassets */ = {isa = PBXFileReference; lastKnownFileType = folder.assetcatalog; path = Assets.xcassets; sourceTree = "<group>"; };
		6C643AA61C71473C00710835 /* Base */ = {isa = PBXFileReference; lastKnownFileType = file.storyboard; name = Base; path = Base.lproj/LaunchScreen.storyboard; sourceTree = "<group>"; };
		6C643AA81C71473C00710835 /* Info.plist */ = {isa = PBXFileReference; lastKnownFileType = text.plist.xml; path = Info.plist; sourceTree = "<group>"; };
		6C7FA09A1C7660A600EF39FB /* Music Videos-Bridging-Header.h */ = {isa = PBXFileReference; lastKnownFileType = sourcecode.c.h; path = "Music Videos-Bridging-Header.h"; sourceTree = "<group>"; };
		6C7FA09B1C7660A700EF39FB /* Reachability.h */ = {isa = PBXFileReference; fileEncoding = 4; lastKnownFileType = sourcecode.c.h; name = Reachability.h; path = Utilities/Reachability.h; sourceTree = "<group>"; };
		6C7FA09C1C7660A700EF39FB /* Reachability.m */ = {isa = PBXFileReference; fileEncoding = 4; lastKnownFileType = sourcecode.c.objc; name = Reachability.m; path = Utilities/Reachability.m; sourceTree = "<group>"; };
		6CD5EE961C73836800EFD738 /* MusicVideos.swift */ = {isa = PBXFileReference; fileEncoding = 4; lastKnownFileType = sourcecode.swift; name = MusicVideos.swift; path = Model/MusicVideos.swift; sourceTree = "<group>"; };
/* End PBXFileReference section */

/* Begin PBXFrameworksBuildPhase section */
		6C643A961C71473C00710835 /* Frameworks */ = {
			isa = PBXFrameworksBuildPhase;
			buildActionMask = 2147483647;
			files = (
			);
			runOnlyForDeploymentPostprocessing = 0;
		};
/* End PBXFrameworksBuildPhase section */

/* Begin PBXGroup section */
		6C5CE3741C722E3800BBB715 /* Model */ = {
			isa = PBXGroup;
			children = (
				6C5CE3751C722E6000BBB715 /* APIManager.swift */,
				6CD5EE961C73836800EFD738 /* MusicVideos.swift */,
			);
			name = Model;
			sourceTree = "<group>";
		};
		6C5CE3771C72885300BBB715 /* Utilities */ = {
			isa = PBXGroup;
			children = (
				6C5CE3781C72888B00BBB715 /* Constants.swift */,
			);
			name = Utilities;
			sourceTree = "<group>";
		};
		6C643A901C71473C00710835 = {
			isa = PBXGroup;
			children = (
				6C643A9B1C71473C00710835 /* Music Videos */,
				6C643A9A1C71473C00710835 /* Products */,
			);
			sourceTree = "<group>";
		};
		6C643A9A1C71473C00710835 /* Products */ = {
			isa = PBXGroup;
			children = (
				6C643A991C71473C00710835 /* Music Videos.app */,
			);
			name = Products;
			sourceTree = "<group>";
		};
		6C643A9B1C71473C00710835 /* Music Videos */ = {
			isa = PBXGroup;
			children = (
				6C5CE3741C722E3800BBB715 /* Model */,
				6C643AAF1C71478600710835 /* Views */,
				6C643AB01C714B8600710835 /* Controllers */,
				6C5CE3771C72885300BBB715 /* Utilities */,
				6C7FA0991C765FC600EF39FB /* ObjC */,
				6C643AB11C714B9800710835 /* Resources */,
				6C643AAE1C71477000710835 /* Supporting Files */,
			);
			path = "Music Videos";
			sourceTree = "<group>";
		};
		6C643AAE1C71477000710835 /* Supporting Files */ = {
			isa = PBXGroup;
			children = (
				6C643AA81C71473C00710835 /* Info.plist */,
				6C643A9C1C71473C00710835 /* AppDelegate.swift */,
			);
			name = "Supporting Files";
			sourceTree = "<group>";
		};
		6C643AAF1C71478600710835 /* Views */ = {
			isa = PBXGroup;
			children = (
				6C643AA01C71473C00710835 /* Main.storyboard */,
				6C643AA51C71473C00710835 /* LaunchScreen.storyboard */,
			);
			name = Views;
			sourceTree = "<group>";
		};
		6C643AB01C714B8600710835 /* Controllers */ = {
			isa = PBXGroup;
			children = (
				6C643A9E1C71473C00710835 /* ViewController.swift */,
			);
			name = Controllers;
			sourceTree = "<group>";
		};
		6C643AB11C714B9800710835 /* Resources */ = {
			isa = PBXGroup;
			children = (
				6C643AA31C71473C00710835 /* Assets.xcassets */,
			);
			name = Resources;
			sourceTree = "<group>";
		};
		6C7FA0991C765FC600EF39FB /* ObjC */ = {
			isa = PBXGroup;
			children = (
				6C7FA09B1C7660A700EF39FB /* Reachability.h */,
				6C7FA09C1C7660A700EF39FB /* Reachability.m */,
				6C7FA09A1C7660A600EF39FB /* Music Videos-Bridging-Header.h */,
			);
			name = ObjC;
			sourceTree = "<group>";
		};
/* End PBXGroup section */

/* Begin PBXNativeTarget section */
		6C643A981C71473C00710835 /* Music Videos */ = {
			isa = PBXNativeTarget;
			buildConfigurationList = 6C643AAB1C71473C00710835 /* Build configuration list for PBXNativeTarget "Music Videos" */;
			buildPhases = (
				6C643A951C71473C00710835 /* Sources */,
				6C643A961C71473C00710835 /* Frameworks */,
				6C643A971C71473C00710835 /* Resources */,
			);
			buildRules = (
			);
			dependencies = (
			);
			name = "Music Videos";
			productName = "Music Videos";
			productReference = 6C643A991C71473C00710835 /* Music Videos.app */;
			productType = "com.apple.product-type.application";
		};
/* End PBXNativeTarget section */

/* Begin PBXProject section */
		6C643A911C71473C00710835 /* Project object */ = {
			isa = PBXProject;
			attributes = {
				LastSwiftUpdateCheck = 0720;
				LastUpgradeCheck = 0720;
				ORGANIZATIONNAME = "Dulio Denis";
				TargetAttributes = {
					6C643A981C71473C00710835 = {
						CreatedOnToolsVersion = 7.2;
					};
				};
			};
			buildConfigurationList = 6C643A941C71473C00710835 /* Build configuration list for PBXProject "Music Videos" */;
			compatibilityVersion = "Xcode 3.2";
			developmentRegion = English;
			hasScannedForEncodings = 0;
			knownRegions = (
				en,
				Base,
			);
			mainGroup = 6C643A901C71473C00710835;
			productRefGroup = 6C643A9A1C71473C00710835 /* Products */;
			projectDirPath = "";
			projectRoot = "";
			targets = (
				6C643A981C71473C00710835 /* Music Videos */,
			);
		};
/* End PBXProject section */

/* Begin PBXResourcesBuildPhase section */
		6C643A971C71473C00710835 /* Resources */ = {
			isa = PBXResourcesBuildPhase;
			buildActionMask = 2147483647;
			files = (
				6C643AA71C71473C00710835 /* LaunchScreen.storyboard in Resources */,
				6C643AA41C71473C00710835 /* Assets.xcassets in Resources */,
				6C643AA21C71473C00710835 /* Main.storyboard in Resources */,
			);
			runOnlyForDeploymentPostprocessing = 0;
		};
/* End PBXResourcesBuildPhase section */

/* Begin PBXSourcesBuildPhase section */
		6C643A951C71473C00710835 /* Sources */ = {
			isa = PBXSourcesBuildPhase;
			buildActionMask = 2147483647;
			files = (
				6CD5EE971C73836800EFD738 /* MusicVideos.swift in Sources */,
				6C5CE3761C722E6000BBB715 /* APIManager.swift in Sources */,
				6C643A9F1C71473C00710835 /* ViewController.swift in Sources */,
				6C643A9D1C71473C00710835 /* AppDelegate.swift in Sources */,
				6C7FA09D1C7660A700EF39FB /* Reachability.m in Sources */,
				6C5CE3791C72888B00BBB715 /* Constants.swift in Sources */,
			);
			runOnlyForDeploymentPostprocessing = 0;
		};
/* End PBXSourcesBuildPhase section */

/* Begin PBXVariantGroup section */
		6C643AA01C71473C00710835 /* Main.storyboard */ = {
			isa = PBXVariantGroup;
			children = (
				6C643AA11C71473C00710835 /* Base */,
			);
			name = Main.storyboard;
			sourceTree = "<group>";
		};
		6C643AA51C71473C00710835 /* LaunchScreen.storyboard */ = {
			isa = PBXVariantGroup;
			children = (
				6C643AA61C71473C00710835 /* Base */,
			);
			name = LaunchScreen.storyboard;
			sourceTree = "<group>";
		};
/* End PBXVariantGroup section */

/* Begin XCBuildConfiguration section */
		6C643AA91C71473C00710835 /* Debug */ = {
			isa = XCBuildConfiguration;
			buildSettings = {
				ALWAYS_SEARCH_USER_PATHS = NO;
				CLANG_CXX_LANGUAGE_STANDARD = "gnu++0x";
				CLANG_CXX_LIBRARY = "libc++";
				CLANG_ENABLE_MODULES = YES;
				CLANG_ENABLE_OBJC_ARC = YES;
				CLANG_WARN_BOOL_CONVERSION = YES;
				CLANG_WARN_CONSTANT_CONVERSION = YES;
				CLANG_WARN_DIRECT_OBJC_ISA_USAGE = YES_ERROR;
				CLANG_WARN_EMPTY_BODY = YES;
				CLANG_WARN_ENUM_CONVERSION = YES;
				CLANG_WARN_INT_CONVERSION = YES;
				CLANG_WARN_OBJC_ROOT_CLASS = YES_ERROR;
				CLANG_WARN_UNREACHABLE_CODE = YES;
				CLANG_WARN__DUPLICATE_METHOD_MATCH = YES;
				"CODE_SIGN_IDENTITY[sdk=iphoneos*]" = "iPhone Developer";
				COPY_PHASE_STRIP = NO;
				DEBUG_INFORMATION_FORMAT = dwarf;
				ENABLE_STRICT_OBJC_MSGSEND = YES;
				ENABLE_TESTABILITY = YES;
				GCC_C_LANGUAGE_STANDARD = gnu99;
				GCC_DYNAMIC_NO_PIC = NO;
				GCC_NO_COMMON_BLOCKS = YES;
				GCC_OPTIMIZATION_LEVEL = 0;
				GCC_PREPROCESSOR_DEFINITIONS = (
					"DEBUG=1",
					"$(inherited)",
				);
				GCC_WARN_64_TO_32_BIT_CONVERSION = YES;
				GCC_WARN_ABOUT_RETURN_TYPE = YES_ERROR;
				GCC_WARN_UNDECLARED_SELECTOR = YES;
				GCC_WARN_UNINITIALIZED_AUTOS = YES_AGGRESSIVE;
				GCC_WARN_UNUSED_FUNCTION = YES;
				GCC_WARN_UNUSED_VARIABLE = YES;
				IPHONEOS_DEPLOYMENT_TARGET = 9.2;
				MTL_ENABLE_DEBUG_INFO = YES;
				ONLY_ACTIVE_ARCH = YES;
				SDKROOT = iphoneos;
				SWIFT_OPTIMIZATION_LEVEL = "-Onone";
				TARGETED_DEVICE_FAMILY = "1,2";
			};
			name = Debug;
		};
		6C643AAA1C71473C00710835 /* Release */ = {
			isa = XCBuildConfiguration;
			buildSettings = {
				ALWAYS_SEARCH_USER_PATHS = NO;
				CLANG_CXX_LANGUAGE_STANDARD = "gnu++0x";
				CLANG_CXX_LIBRARY = "libc++";
				CLANG_ENABLE_MODULES = YES;
				CLANG_ENABLE_OBJC_ARC = YES;
				CLANG_WARN_BOOL_CONVERSION = YES;
				CLANG_WARN_CONSTANT_CONVERSION = YES;
				CLANG_WARN_DIRECT_OBJC_ISA_USAGE = YES_ERROR;
				CLANG_WARN_EMPTY_BODY = YES;
				CLANG_WARN_ENUM_CONVERSION = YES;
				CLANG_WARN_INT_CONVERSION = YES;
				CLANG_WARN_OBJC_ROOT_CLASS = YES_ERROR;
				CLANG_WARN_UNREACHABLE_CODE = YES;
				CLANG_WARN__DUPLICATE_METHOD_MATCH = YES;
				"CODE_SIGN_IDENTITY[sdk=iphoneos*]" = "iPhone Developer";
				COPY_PHASE_STRIP = NO;
				DEBUG_INFORMATION_FORMAT = "dwarf-with-dsym";
				ENABLE_NS_ASSERTIONS = NO;
				ENABLE_STRICT_OBJC_MSGSEND = YES;
				GCC_C_LANGUAGE_STANDARD = gnu99;
				GCC_NO_COMMON_BLOCKS = YES;
				GCC_WARN_64_TO_32_BIT_CONVERSION = YES;
				GCC_WARN_ABOUT_RETURN_TYPE = YES_ERROR;
				GCC_WARN_UNDECLARED_SELECTOR = YES;
				GCC_WARN_UNINITIALIZED_AUTOS = YES_AGGRESSIVE;
				GCC_WARN_UNUSED_FUNCTION = YES;
				GCC_WARN_UNUSED_VARIABLE = YES;
				IPHONEOS_DEPLOYMENT_TARGET = 9.2;
				MTL_ENABLE_DEBUG_INFO = NO;
				SDKROOT = iphoneos;
				TARGETED_DEVICE_FAMILY = "1,2";
				VALIDATE_PRODUCT = YES;
			};
			name = Release;
		};
		6C643AAC1C71473C00710835 /* Debug */ = {
			isa = XCBuildConfiguration;
			buildSettings = {
				ASSETCATALOG_COMPILER_APPICON_NAME = AppIcon;
				CLANG_ENABLE_MODULES = YES;
				INFOPLIST_FILE = "Music Videos/Info.plist";
				LD_RUNPATH_SEARCH_PATHS = "$(inherited) @executable_path/Frameworks";
				PRODUCT_BUNDLE_IDENTIFIER = "co.ddApps.Music-Videos";
				PRODUCT_NAME = "$(TARGET_NAME)";
				SWIFT_OBJC_BRIDGING_HEADER = "Music Videos/Music Videos-Bridging-Header.h";
				SWIFT_OPTIMIZATION_LEVEL = "-Onone";
			};
			name = Debug;
		};
		6C643AAD1C71473C00710835 /* Release */ = {
			isa = XCBuildConfiguration;
			buildSettings = {
				ASSETCATALOG_COMPILER_APPICON_NAME = AppIcon;
				CLANG_ENABLE_MODULES = YES;
				INFOPLIST_FILE = "Music Videos/Info.plist";
				LD_RUNPATH_SEARCH_PATHS = "$(inherited) @executable_path/Frameworks";
				PRODUCT_BUNDLE_IDENTIFIER = "co.ddApps.Music-Videos";
				PRODUCT_NAME = "$(TARGET_NAME)";
				SWIFT_OBJC_BRIDGING_HEADER = "Music Videos/Music Videos-Bridging-Header.h";
			};
			name = Release;
		};
/* End XCBuildConfiguration section */

/* Begin XCConfigurationList section */
		6C643A941C71473C00710835 /* Build configuration list for PBXProject "Music Videos" */ = {
			isa = XCConfigurationList;
			buildConfigurations = (
				6C643AA91C71473C00710835 /* Debug */,
				6C643AAA1C71473C00710835 /* Release */,
			);
			defaultConfigurationIsVisible = 0;
			defaultConfigurationName = Release;
		};
		6C643AAB1C71473C00710835 /* Build configuration list for PBXNativeTarget "Music Videos" */ = {
			isa = XCConfigurationList;
			buildConfigurations = (
				6C643AAC1C71473C00710835 /* Debug */,
				6C643AAD1C71473C00710835 /* Release */,
			);
			defaultConfigurationIsVisible = 0;
			defaultConfigurationName = Release;
		};
/* End XCConfigurationList section */
	};
	rootObject = 6C643A911C71473C00710835 /* Project object */;
}
